
Microsoft Visual Studio Solution File, Format Version 12.00
# Visual Studio 15
VisualStudioVersion = 15.0.28307.1525
MinimumVisualStudioVersion = 10.0.40219.1
Project("{FAE04EC0-301F-11D3-BF4B-00C04F79EFBC}") = "PasswordManager", "PasswordManager\PasswordManager.csproj", "{3C692C2D-A0CB-485F-B911-52BBA9524E82}"
EndProject
Global
	GlobalSection(SolutionConfigurationPlatforms) = preSolution
		Debug|Any CPU = Debug|Any CPU
		Release|Any CPU = Release|Any CPU
	EndGlobalSection
	GlobalSection(ProjectConfigurationPlatforms) = postSolution
		{3C692C2D-A0CB-485F-B911-52BBA9524E82}.Debug|Any CPU.ActiveCfg = Debug|Any CPU
		{3C692C2D-A0CB-485F-B911-52BBA9524E82}.Debug|Any CPU.Build.0 = Debug|Any CPU
		{3C692C2D-A0CB-485F-B911-52BBA9524E82}.Release|Any CPU.ActiveCfg = Release|Any CPU
		{3C692C2D-A0CB-485F-B911-52BBA9524E82}.Release|Any CPU.Build.0 = Release|Any CPU
	EndGlobalSection
	GlobalSection(SolutionProperties) = preSolution
		HideSolutionNode = FALSE
	EndGlobalSection
	GlobalSection(ExtensibilityGlobals) = postSolution
		SolutionGuid = {8D9B3F58-B491-4D63-A51B-39166DDDAC10}
	EndGlobalSection
EndGlobal
